
Microsoft Visual Studio Solution File, Format Version 12.00
# Visual Studio Version 16
VisualStudioVersion = 16.0.30621.155
MinimumVisualStudioVersion = 10.0.40219.1
Project("{FAE04EC0-301F-11D3-BF4B-00C04F79EFBC}") = "KnowledgeRepresentationInterface", "KnowledgeRepresentationInterface\KnowledgeRepresentationInterface.csproj", "{D99A52FA-3573-4BBB-B581-EABC6145C40B}"
EndProject
Project("{FAE04EC0-301F-11D3-BF4B-00C04F79EFBC}") = "KnowledgeRepresentationLib", "KnowledgeRepresentationLib\KnowledgeRepresentationLib.csproj", "{D578DA36-B7D6-4CBD-8FA2-75B12ABEB973}"
EndProject
Project("{FAE04EC0-301F-11D3-BF4B-00C04F79EFBC}") = "KnowledgeRepresentationTests", "KnowledgeRepresentationTests\KnowledgeRepresentationTests.csproj", "{DCFD2796-815F-412C-843E-36EF7B8DED73}"
EndProject
Global
	GlobalSection(SolutionConfigurationPlatforms) = preSolution
		Debug|Any CPU = Debug|Any CPU
		Release|Any CPU = Release|Any CPU
	EndGlobalSection
	GlobalSection(ProjectConfigurationPlatforms) = postSolution
		{D99A52FA-3573-4BBB-B581-EABC6145C40B}.Debug|Any CPU.ActiveCfg = Debug|Any CPU
		{D99A52FA-3573-4BBB-B581-EABC6145C40B}.Debug|Any CPU.Build.0 = Debug|Any CPU
		{D99A52FA-3573-4BBB-B581-EABC6145C40B}.Release|Any CPU.ActiveCfg = Release|Any CPU
		{D99A52FA-3573-4BBB-B581-EABC6145C40B}.Release|Any CPU.Build.0 = Release|Any CPU
		{D578DA36-B7D6-4CBD-8FA2-75B12ABEB973}.Debug|Any CPU.ActiveCfg = Debug|Any CPU
		{D578DA36-B7D6-4CBD-8FA2-75B12ABEB973}.Debug|Any CPU.Build.0 = Debug|Any CPU
		{D578DA36-B7D6-4CBD-8FA2-75B12ABEB973}.Release|Any CPU.ActiveCfg = Release|Any CPU
		{D578DA36-B7D6-4CBD-8FA2-75B12ABEB973}.Release|Any CPU.Build.0 = Release|Any CPU
		{DCFD2796-815F-412C-843E-36EF7B8DED73}.Debug|Any CPU.ActiveCfg = Debug|Any CPU
		{DCFD2796-815F-412C-843E-36EF7B8DED73}.Debug|Any CPU.Build.0 = Debug|Any CPU
		{DCFD2796-815F-412C-843E-36EF7B8DED73}.Release|Any CPU.ActiveCfg = Release|Any CPU
		{DCFD2796-815F-412C-843E-36EF7B8DED73}.Release|Any CPU.Build.0 = Release|Any CPU
	EndGlobalSection
	GlobalSection(SolutionProperties) = preSolution
		HideSolutionNode = FALSE
	EndGlobalSection
	GlobalSection(ExtensibilityGlobals) = postSolution
		SolutionGuid = {9FFC2765-E1B7-4146-B767-01FA912BC95C}
	EndGlobalSection
EndGlobal
